{
  "name": "coinche-regles",
  "version": "0.1.0",
  "lockfileVersion": 3,
  "requires": true,
  "packages": {
    "": {
      "name": "coinche-regles",
      "version": "0.1.0",
      "dependencies": {
        "@vitejs/plugin-react": "^6.0.4",
        "react": "^19.2.8",
        "react-dom": "^19.2.8",
        "react-markdown": "^10.1.0",
        "remark-gfm": "^4.0.1",
        "vite": "^8.1.5"
      }
    },
    "node_modules/@emnapi/core": {
      "version": "2.0.0-alpha.3",
      "resolved": "https://registry.npmjs.org/@emnapi/core/-/core-2.0.0-alpha.3.tgz",
      "integrity": "sha512-AZypUeJ/yByuxyS7BlSNRDOMLMlROYtjYdIAuBmJssVz1UJDSeYxLrdizhXCFYhedC5bqd/ASy8EuNXbVVXp9g==",
      "license": "MIT",
      "optional": true,
      "peer": true,
      "dependencies": {
        "@emnapi/wasi-threads": "2.0.1",
        "tslib": "^2.4.0"
      }
    },
    "node_modules/@emnapi/runtime": {
      "version": "2.0.0-alpha.3",
      "resolved": "https://registry.npmjs.org/@emnapi/runtime/-/runtime-2.0.0-alpha.3.tgz",
      "integrity": "sha512-hFPAhMUjJD9BSyCANEISPOogeXC9Zo9ZQl7L6vKnaVsMkCtzznaW/naYypeyl0Gv5rYfWYsZbpixTMpjDJzQeA==",
      "license": "MIT",
      "optional": true,
      "peer": true,
      "dependencies": {
        "tslib": "^2.4.0"
      }
    },
    "node_modules/@emnapi/wasi-threads": {
      "version": "2.0.1",
      "resolved": "https://registry.npmjs.org/@emnapi/wasi-threads/-/wasi-threads-2.0.1.tgz",
      "integrity": "sha512-9DsSk+o5NBX0CCJT8s0EROGSGxjR/tKu6aBTaVyq+SjAEQH4XcdcRxPBRzsBLizTTJ49MJjF+jgu3qnO9GLQcQ==",
      "license": "MIT",
      "optional": true,
      "peer": true,
      "dependencies": {
        "tslib": "^2.4.0"
      }
    },
    "node_modules/@napi-rs/wasm-runtime": {
      "version": "1.2.0",
      "resolved": "https://registry.npmjs.org/@napi-rs/wasm-runtime/-/wasm-runtime-1.2.0.tgz",
      "integrity": "sha512-kDoONqMa+VnZ4vvvu/ZUurpJ4gkZU57e7g69qpNgWhYcZFPUHZM2CEMKm+cG6ufDVALbjMvfmMjFVqaK7uEMnA==",
      "license": "MIT",
      "optional": true,
      "dependencies": {
        "@tybys/wasm-util": "^0.10.3"
      },
      "engines": {
        "node": "^20.19.0 || ^22.13.0 || >=23.5.0"
      },
      "funding": {
        "type": "github",
        "url": "https://github.com/sponsors/Brooooooklyn"
      },
      "peerDependencies": {
        "@emnapi/core": "^2.0.0-alpha.3",
        "@emnapi/runtime": "^2.0.0-alpha.3"
      }
    },
    "node_modules/@oxc-project/types": {
      "version": "0.139.0",
      "resolved": "https://registry.npmjs.org/@oxc-project/types/-/types-0.139.0.tgz",
      "integrity": "sha512-r9gHphtCs+1M7J0pw6Sn/hh/Wpa/iQrOOkrNAlVLF/gHq+/CJmHIWKKUUhdWjcD6CIa8idarspCsASiXCXvFUw==",
      "license": "MIT",
      "funding": {
        "url": "https://github.com/sponsors/Boshen"
      }
    },
    "node_modules/@rolldown/binding-android-arm64": {
      "version": "1.1.5",
      "resolved": "https://registry.npmjs.org/@rolldown/binding-android-arm64/-/binding-android-arm64-1.1.5.tgz",
      "integrity": "sha512-lZg8fqIv2v7FF237bwMgzGZEJvGL79/s5knJ/i6FmsGF4XXlzccZ4jb+TrFIxtSSxFtIpdsgrPZeMk1I9AFcyQ==",
      "cpu": [
        "arm64"
      ],
      "license": "MIT",
      "optional": true,
      "os": [
        "android"
      ],
      "engines": {
        "node": "^20.19.0 || >=22.12.0"
      }
    },
    "node_modules/@rolldown/binding-darwin-arm64": {
      "version": "1.1.5",
      "resolved": "https://registry.npmjs.org/@rolldown/binding-darwin-arm64/-/binding-darwin-arm64-1.1.5.tgz",
      "integrity": "sha512-51Bnx9pNiMRKSUNtBfySkNJ9vMU9Hh3I1ozDd6gyPPYzaXCfnptUcEZxXGYFn+ul2dtcMUiqGR1Yai2K10uoTw==",
      "cpu": [
        "arm64"
      ],
      "license": "MIT",
      "optional": true,
      "os": [
        "darwin"
      ],
      "engines": {
        "node": "^20.19.0 || >=22.12.0"
      }
    },
    "node_modules/@rolldown/binding-darwin-x64": {
      "version": "1.1.5",
      "resolved": "https://registry.npmjs.org/@rolldown/binding-darwin-x64/-/binding-darwin-x64-1.1.5.tgz",
      "integrity": "sha512-Tm+gbfC0aHu1tBA/JvKQh32S0K6YgCHkiAF4/W6xX0K0RmNuc94VeK419dJoE65R5aRxmo+noZQSWrAMF6yb6g==",
      "cpu": [
        "x64"
      ],
      "license": "MIT",
      "optional": true,
      "os": [
        "darwin"
      ],
      "engines": {
        "node": "^20.19.0 || >=22.12.0"
      }
    },
    "node_modules/@rolldown/binding-freebsd-x64": {
      "version": "1.1.5",
      "resolved": "https://registry.npmjs.org/@rolldown/binding-freebsd-x64/-/binding-freebsd-x64-1.1.5.tgz",
      "integrity": "sha512-JMzDKCCXq93YccG5gz3hvOs1oXRKAf0XYpfOS88e+wZrC8Iugj6j68867vrYZkvpDDpKn/KoKORThmchMpF6TA==",
      "cpu": [
        "x64"
      ],
      "license": "MIT",
      "optional": true,
      "os": [
        "freebsd"
      ],
      "engines": {
        "node": "^20.19.0 || >=22.12.0"
      }
    },
    "node_modules/@rolldown/binding-linux-arm-gnueabihf": {
      "version": "1.1.5",
      "resolved": "https://registry.npmjs.org/@rolldown/binding-linux-arm-gnueabihf/-/binding-linux-arm-gnueabihf-1.1.5.tgz",
      "integrity": "sha512-uML21j2K5TfPGutKxub+M+nLjZIrWjXQ5Grx4lCe/nimTj9B4L63zHpjXLl4y0L3mcm2htEQIb06oCG/szerNw==",
      "cpu": [
        "arm"
      ],
      "license": "MIT",
      "optional": true,
      "os": [
        "linux"
      ],
      "engines": {
        "node": "^20.19.0 || >=22.12.0"
      }
    },
    "node_modules/@rolldown/binding-linux-arm64-gnu": {
      "version": "1.1.5",
      "resolved": "https://registry.npmjs.org/@rolldown/binding-linux-arm64-gnu/-/binding-linux-arm64-gnu-1.1.5.tgz",
      "integrity": "sha512-navSiuTMogvnQoZoM/v+l3ZWo50/NTwSHSzheABx/RCnmUPaKwq9qSo4Br2OYRs21+Fz8uFqITZM3H4opOB0/Q==",
      "cpu": [
        "arm64"
      ],
      "libc": [
        "glibc"
      ],
      "license": "MIT",
      "optional": true,
      "os": [
        "linux"
      ],
      "engines": {
        "node": "^20.19.0 || >=22.12.0"
      }
    },
    "node_modules/@rolldown/binding-linux-arm64-musl": {
      "version": "1.1.5",
      "resolved": "https://registry.npmjs.org/@rolldown/binding-linux-arm64-musl/-/binding-linux-arm64-musl-1.1.5.tgz",
      "integrity": "sha512-lAryqH7IteztmCXQXk0etKj4wBQ7Gx5S6LjKhsgp9zb8I5bsuvU/2llH1hDQcjsFeqIsovMVN339/8pUDDBXxA==",
      "cpu": [
        "arm64"
      ],
      "libc": [
        "musl"
      ],
      "license": "MIT",
      "optional": true,
      "os": [
        "linux"
      ],
      "engines": {
        "node": "^20.19.0 || >=22.12.0"
      }
    },
    "node_modules/@rolldown/binding-linux-ppc64-gnu": {
      "version": "1.1.5",
      "resolved": "https://registry.npmjs.org/@rolldown/binding-linux-ppc64-gnu/-/binding-linux-ppc64-gnu-1.1.5.tgz",
      "integrity": "sha512-fsK/sNBnxzBlL4O1JNrZakVQxPspqpED5dLtNsZS9oOKmtSpdNIzxH2kkol5HYTWJN47sE20ztMJPxfZ89qGOg==",
      "cpu": [
        "ppc64"
      ],
      "libc": [
        "glibc"
      ],
      "license": "MIT",
      "optional": true,
      "os": [
        "linux"
      ],
      "engines": {
        "node": "^20.19.0 || >=22.12.0"
      }
    },
    "node_modules/@rolldown/binding-linux-s390x-gnu": {
      "version": "1.1.5",
      "resolved": "https://registry.npmjs.org/@rolldown/binding-linux-s390x-gnu/-/binding-linux-s390x-gnu-1.1.5.tgz",
      "integrity": "sha512-gLYb4BIadlfTOYT5gO503n8zQjXflgzpD0FcyKh0Mzx3rqCZKnHoJWV9xe1KXUJ5lx2JfcSHr/mhzS0PC/McAA==",
      "cpu": [
        "s390x"
      ],
      "libc": [
        "glibc"
      ],
      "license": "MIT",
      "optional": true,
      "os": [
        "linux"
      ],
      "engines": {
        "node": "^20.19.0 || >=22.12.0"
      }
    },
    "node_modules/@rolldown/binding-linux-x64-gnu": {
      "version": "1.1.5",
      "resolved": "https://registry.npmjs.org/@rolldown/binding-linux-x64-gnu/-/binding-linux-x64-gnu-1.1.5.tgz",
      "integrity": "sha512-FjcpEKUyJygHgs1o50VYNvkt5+7Le/VEdYt0AkRpkL33MnyQfwr8l5mXwMmfmTbyMPr5vJLC+8/Gd9gXnwU1QQ==",
      "cpu": [
        "x64"
      ],
      "libc": [
        "glibc"
      ],
      "license": "MIT",
      "optional": true,
      "os": [
        "linux"
      ],
      "engines": {
        "node": "^20.19.0 || >=22.12.0"
      }
    },
    "node_modules/@rolldown/binding-linux-x64-musl": {
      "version": "1.1.5",
      "resolved": "https://registry.npmjs.org/@rolldown/binding-linux-x64-musl/-/binding-linux-x64-musl-1.1.5.tgz",
      "integrity": "sha512-Me+PfPI2TMeOQk0gYWfLQZtTktrmzbr8cDboqX83XKc7UrgAi55gF+2dUkWdxd19n55Essp2yeca+O9N5rBxHg==",
      "cpu": [
        "x64"
      ],
      "libc": [
        "musl"
      ],
      "license": "MIT",
      "optional": true,
      "os": [
        "linux"
      ],
      "engines": {
        "node": "^20.19.0 || >=22.12.0"
      }
    },
    "node_modules/@rolldown/binding-openharmony-arm64": {
      "version": "1.1.5",
      "resolved": "https://registry.npmjs.org/@rolldown/binding-openharmony-arm64/-/binding-openharmony-arm64-1.1.5.tgz",
      "integrity": "sha512-yc5WrLzXks6zCQfn9Oxr8pORKyl/pF+QjHmW/Qx3qu0oyrrNC+y2JLTU1E2rcWYAmzlnqngWXHQjy51VzW70Vw==",
      "cpu": [
        "arm64"
      ],
      "license": "MIT",
      "optional": true,
      "os": [
        "openharmony"
      ],
      "engines": {
        "node": "^20.19.0 || >=22.12.0"
      }
    },
    "node_modules/@rolldown/binding-wasm32-wasi": {
      "version": "1.1.5",
      "resolved": "https://registry.npmjs.org/@rolldown/binding-wasm32-wasi/-/binding-wasm32-wasi-1.1.5.tgz",
      "integrity": "sha512-VbQGPX2b4r48TAMIM2cjgluIM1HYutm4pcTEJsle7iEP7sB1dFqtPLBVbdLAZCxy1txCcPxf4QFf4v8uvltPqA==",
      "cpu": [
        "wasm32"
      ],
      "license": "MIT",
      "optional": true,
      "dependencies": {
        "@emnapi/core": "1.11.1",
        "@emnapi/runtime": "1.11.1",
        "@napi-rs/wasm-runtime": "^1.1.6"
      },
      "engines": {
        "node": "^20.19.0 || >=22.12.0"
      }
    },
    "node_modules/@rolldown/binding-wasm32-wasi/node_modules/@emnapi/core": {
      "version": "1.11.1",
      "resolved": "https://registry.npmjs.org/@emnapi/core/-/core-1.11.1.tgz",
      "integrity": "sha512-RSvbQmHzdKzNsLYa/wHrbc3KN4sYLKAdPZxqiM2HATqv/SBk2/ENSHpvXGaLOMcsAyz0poEGqkmmKYG3OWiJEQ==",
      "license": "MIT",
      "optional": true,
      "dependencies": {
        "@emnapi/wasi-threads": "1.2.2",
        "tslib": "^2.4.0"
      }
    },
    "node_modules/@rolldown/binding-wasm32-wasi/node_modules/@emnapi/runtime": {
      "version": "1.11.1",
      "resolved": "https://registry.npmjs.org/@emnapi/runtime/-/runtime-1.11.1.tgz",
      "integrity": "sha512-vgj7R3y3Wgx24IQaGPA/R6YFXLHVMOZ0uVEyIQPaWs+rd1AzfEMXlAC22FYwO1XkKR6NPsq7mUandH8oIRdZFw==",
      "license": "MIT",
      "optional": true,
      "dependencies": {
        "tslib": "^2.4.0"
      }
    },
    "node_modules/@rolldown/binding-wasm32-wasi/node_modules/@emnapi/wasi-threads": {
      "version": "1.2.2",
      "resolved": "https://registry.npmjs.org/@emnapi/wasi-threads/-/wasi-threads-1.2.2.tgz",
      "integrity": "sha512-c95qOXkHdydNKhscBTebqEC1CVAZpyqOfVfBzQ1qgzyl3gfeldUjIggDbIZgDKsHLgnsM+igH7TJ/eAasaVuMA==",
      "license": "MIT",
      "optional": true,
      "dependencies": {
        "tslib": "^2.4.0"
      }
    },
    "node_modules/@rolldown/binding-win32-arm64-msvc": {
      "version": "1.1.5",
      "resolved": "https://registry.npmjs.org/@rolldown/binding-win32-arm64-msvc/-/binding-win32-arm64-msvc-1.1.5.tgz",
      "integrity": "sha512-gHv82k63z4qpV5+Q1y/12KrK0ltWBukVDI8nZcbT7Tt/ZlOIVwppazneq0F93oDxTo3IgAMEDIoQh3E2n6mVsw==",
      "cpu": [
        "arm64"
      ],
      "license": "MIT",
      "optional": true,
      "os": [
        "win32"
      ],
      "engines": {
        "node": "^20.19.0 || >=22.12.0"
      }
    },
    "node_modules/@rolldown/binding-win32-x64-msvc": {
      "version": "1.1.5",
      "resolved": "https://registry.npmjs.org/@rolldown/binding-win32-x64-msvc/-/binding-win32-x64-msvc-1.1.5.tgz",
      "integrity": "sha512-tTZuDBPw85tEN5PQi1pnEBzDy0Z49HtScLAbD5t6hyeU92A95pRWaSMw1GZZi/RwgSgUIl0xrSlXIT/9QzvYSA==",
      "cpu": [
        "x64"
      ],
      "license": "MIT",
      "optional": true,
      "os": [
        "win32"
      ],
      "engines": {
        "node": "^20.19.0 || >=22.12.0"
      }
    },
    "node_modules/@rolldown/pluginutils": {
      "version": "1.0.1",
      "resolved": "https://registry.npmjs.org/@rolldown/pluginutils/-/pluginutils-1.0.1.tgz",
      "integrity": "sha512-2j9bGt5Jh8hj+vPtgzPtl72j0yRxHAyumoo6TNfAjsLB04UtpSvPbPcDcBMxz7n+9CYB0c1GxQFxYRg2jimqGw==",
      "license": "MIT"
    },
    "node_modules/@tybys/wasm-util": {
      "version": "0.10.3",
      "resolved": "https://registry.npmjs.org/@tybys/wasm-util/-/wasm-util-0.10.3.tgz",
      "integrity": "sha512-F3fo1MYrRJYL3zER0OUOmkutjr1Vp23m7OsSgp7nq4SP6OqX6C/56XFIPAl5bt3zaBRjmW7SGz3u/6LwFpYcOg==",
      "license": "MIT",
      "optional": true,
      "dependencies": {
        "tslib": "^2.4.0"
      }
    },
    "node_modules/@types/debug": {
      "version": "4.1.13",
      "resolved": "https://registry.npmjs.org/@types/debug/-/debug-4.1.13.tgz",
      "integrity": "sha512-KSVgmQmzMwPlmtljOomayoR89W4FynCAi3E8PPs7vmDVPe84hT+vGPKkJfThkmXs0x0jAaa9U8uW8bbfyS2fWw==",
      "license": "MIT",
      "dependencies": {
        "@types/ms": "*"
      }
    },
    "node_modules/@types/estree": {
      "version": "1.0.9",
      "resolved": "https://registry.npmjs.org/@types/estree/-/estree-1.0.9.tgz",
      "integrity": "sha512-GhdPgy1el4/ImP05X05Uw4cw2/M93BCUmnEvWZNStlCzEKME4Fkk+YpoA5OiHNQmoS7Cafb8Xa3Pya8m1Qrzeg==",
      "license": "MIT"
    },
    "node_modules/@types/estree-jsx": {
      "version": "1.0.5",
      "resolved": "https://registry.npmjs.org/@types/estree-jsx/-/estree-jsx-1.0.5.tgz",
      "integrity": "sha512-52CcUVNFyfb1A2ALocQw/Dd1BQFNmSdkuC3BkZ6iqhdMfQz7JWOFRuJFloOzjk+6WijU56m9oKXFAXc7o3Towg==",
      "license": "MIT",
      "dependencies": {
        "@types/estree": "*"
      }
    },
    "node_modules/@types/hast": {
      "version": "3.0.5",
      "resolved": "https://registry.npmjs.org/@types/hast/-/hast-3.0.5.tgz",
      "integrity": "sha512-rp/ezSWaD1m44dPKICGhiskI13nVr7qTloFwDa/IYkhhf5nzwP+zIQcIJh3WIFSBOy/H1PzB40jPjMDksN4F+g==",
      "license": "MIT",
      "dependencies": {
        "@types/unist": "*"
      }
    },
    "node_modules/@types/mdast": {
      "version": "4.0.4",
      "resolved": "https://registry.npmjs.org/@types/mdast/-/mdast-4.0.4.tgz",
      "integrity": "sha512-kGaNbPh1k7AFzgpud/gMdvIm5xuECykRR+JnWKQno9TAXVa6WIVCGTPvYGekIDL4uwCZQSYbUxNBSb1aUo79oA==",
      "license": "MIT",
      "dependencies": {
        "@types/unist": "*"
      }
    },
    "node_modules/@types/ms": {
      "version": "2.1.0",
      "resolved": "https://registry.npmjs.org/@types/ms/-/ms-2.1.0.tgz",
      "integrity": "sha512-GsCCIZDE/p3i96vtEqx+7dBUGXrc7zeSK3wwPHIaRThS+9OhWIXRqzs4d6k1SVU8g91DrNRWxWUGhp5KXQb2VA==",
      "license": "MIT"
    },
    "node_modules/@types/react": {
      "version": "19.2.17",
      "resolved": "https://registry.npmjs.org/@types/×ß5âÚ$z{-®éÜj×V&÷‡¶§dÄuS–ev–f•‚õ¥¤g…ÓÒ"À¢&Æ–6Vç6R#¢$Ô•B"À¢&FWVæFVæ6–W2#¢°¢$G—W2ö†7B#¢%ã2ãã"À¢$G—W2öÖF7B#¢%ãBãã"À¢&FWfÆ÷#¢%ããã"À¢&†7B×WF–Â×FòÖ§7‚×'VçF–ÖR#¢%ã"ãã"À¢&‡FÖÂ×W&ÂÖGG&–'WFW2#¢%ã2ãã"À¢&ÖF7B×WF–Â×FòÖ†7B#¢%ã2ãã"À¢'&VÖ&²×'6R#¢%ããã"À¢'&VÖ&²×&V‡—R#¢%ããã"À¢'Væ–f–VB#¢%ããã"À¢'Væ—7B×WF–Â×f—6—B#¢%ãRãã"À¢'ff–ÆR#¢%ãbãã ¢ÒÀ¢&gVæF–ær#¢°¢'G—R#¢&÷Væ6öÆÆV7F—fR"À¢'W&Â#¢&‡GG3¢òö÷Væ6öÆÆV7F—fRæ6öÒ÷Væ–f–VB ¢ÒÀ¢'VW$FWVæFVæ6–W2#¢°¢$G—W2÷&V7B#¢#ãÓ‚"À¢'&V7B#¢#ãÓ‚ ¢Ð¢ÒÀ¢&æöFUöÖöGVÆW2÷&VÖ&²ÖvfÒ#¢°¢'fW'6–öâ#¢#Bãã"À¢'&W6öÇfVB#¢&‡GG3¢ò÷&Vv—7G'’æçÖ§2æ÷&r÷&VÖ&²ÖvfÒòÒ÷&VÖ&²ÖvfÒÓBããçFw¢"À¢&–çFVw&—G’#¢'6†S"ÓVöe£%%”UvFTã3E3s’´´W…cscB·t5Tv÷T5ÃtvDCö5S“Ç¥v'utÔT7WCC&´¤uw¥&g–÷c–£G”æsÓÒ"À¢&Æ–6Vç6R#¢$Ô•B"À¢&FWVæFVæ6–W2#¢°¢$G—W2öÖF7B#¢%ãBãã"À¢&ÖF7B×WF–ÂÖvfÒ#¢%ã2ãã"À¢&Ö–7&öÖ&²ÖW‡FVç6–öâÖvfÒ#¢%ã2ãã"À¢'&VÖ&²×'6R#¢%ããã"À¢'&VÖ&²×7G&–æv–g’#¢%ããã"À¢'Væ–f–VB#¢%ããã ¢ÒÀ¢&gVæF–ær#¢°¢'G—R#¢&÷Væ6öÆÆV7F—fR"À¢'W&Â#¢&‡GG3¢òö÷Væ6öÆÆV7F—fRæ6öÒ÷Væ–f–VB ¢Ð¢ÒÀ¢&æöFUöÖöGVÆW2÷&VÖ&²×'6R#¢°¢'fW'6–öâ#¢#ãã"À¢'&W6öÇfVB#¢&‡GG3¢ò÷&Vv—7G'’æçÖ§2æ÷&r÷&VÖ&²×'6RòÒ÷&VÖ&²×'6RÓããçFw¢"À¢&–çFVw&—G’#¢'6†S"Ôd7†Ä´Ääv¶å3V&óÆ×––¤ÕW¥ƒ&W7…sW…¥w‡s&T„fe3$Õ6F…d”äfÖ†¦ò·ãv…¦„æ–×E¤Dã—ƒ”G'ÓÒ"À¢&Æ–6Vç6R#¢$Ô•B"À¢&FWVæFVæ6–W2#¢°¢$G—W2öÖF7B#¢%ãBãã"À¢&ÖF7B×WF–ÂÖg&öÒÖÖ&¶F÷vâ#¢%ã"ãã"À¢&Ö–7&öÖ&²×WF–Â×G—W2#¢%ã"ãã"À¢'Væ–f–VB#¢%ããã ¢ÒÀ¢&gVæF–ær#¢°¢'G—R#¢&÷Væ6öÆÆV7F—fR"À¢'W&Â#¢&‡GG3¢òö÷Væ6öÆÆV7F—fRæ6öÒ÷Væ–f–VB ¢Ð¢ÒÀ¢&æöFUöÖöGVÆW2÷&VÖ&²×&V‡—R#¢°¢'fW'6–öâ#¢#ãã""À¢'&W6öÇfVB#¢&‡GG3¢ò÷&Vv—7G'’æçÖ§2æ÷&r÷&VÖ&²×&V‡—RòÒ÷&VÖ&²×&V‡—RÓãã"çFw¢"À¢&–çFVw&—G’#¢'6†S"ÔFƒvÃSv–æVô—¦'3•T´D55f¶ÄC„SU'stUFf%FÃ4g4ôöwW$ÅdF†tt6¶'cw#D¥†–µGf††Ô‡d´×7sÓÒ"À¢&Æ–6Vç6R#¢$Ô•B"À¢&FWVæFVæ6–W2#¢°¢$G—W2ö†7B#¢%ã2ãã"À¢$G—W2öÖF7B#¢%ãBãã"À¢&ÖF7B×WF–Â×FòÖ†7B#¢%ã2ãã"À¢'Væ–f–VB#¢%ããã"À¢'ff–ÆR#¢%ãbãã ¢ÒÀ¢&gVæF–ær#¢°¢'G—R#¢&÷Væ6öÆÆV7F—fR"À¢'W&Â#¢&‡GG3¢òö÷Væ6öÆÆV7F—fRæ6öÒ÷Væ–f–VB ¢Ð¢ÒÀ¢&æöFUöÖöGVÆW2÷&VÖ&²×7G&–æv–g’#¢°¢'fW'6–öâ#¢#ãã"À¢'&W6öÇfVB#¢&‡GG3¢ò÷&Vv—7G'’æçÖ§2æ÷&r÷&VÖ&²×7G&–æv–g’òÒ÷&VÖ&²×7G&–æv–g’ÓããçFw¢"À¢&–çFVw&—G’#¢'6†S"Óõ6ÔÆC6t"÷C‡FôTôÖ¥¦´ç6eeFU“FeG6w¦5fE„ç…FõDãE¤ww$ÖæÆFD³g6ÕDd´B´u%cdóC†“e£F”¶usÓÒ"À¢&Æ–6Vç6R#¢$Ô•B"À¢&FWVæFVæ6–W2#¢°¢$G—W2öÖF7B#¢%ãBãã"À¢&ÖF7B×WF–Â×FòÖÖ&¶F÷vâ#¢%ã"ãã"À¢'Væ–f–VB#¢%ããã ¢ÒÀ¢&gVæF–ær#¢°¢'G—R#¢&÷Væ6öÆÆV7F—fR"À¢'W&Â#¢&‡GG3¢òö÷Væ6öÆÆV7F—fRæ6öÒ÷Væ–f–VB ¢Ð¢ÒÀ¢&æöFUöÖöGVÆW2÷&öÆÆF÷vâ#¢°¢'fW'6–öâ#¢#ããR"À¢'&W6öÇfVB#¢&‡GG3¢ò÷&Vv—7G'’æçÖ§2æ÷&r÷&öÆÆF÷vâòÒ÷&öÆÆF÷vâÓããRçFw¢"À¢&–çFVw&—G’#¢'6†S"×C—£#–4¦¥†b÷g…†G–„57Cdƒf7t…F³†5CT“6—“e4Õ‡Tg³VÔ#eÃe†d3…7w%Gƒ“7VGtµVÓ”…'FTÅDt$Æ”ÓÒ"À¢&Æ–6Vç6R#¢$Ô•B"À¢&FWVæFVæ6–W2#¢°¢$÷†2×&ö¦V7B÷G—W2#¢#Óã3’ã"À¢$&öÆÆF÷vâ÷ÇVv–çWF–Ç2#¢%ããã ¢ÒÀ¢&&–â#¢°¢'&öÆÆF÷vâ#¢&&–âö6Æ’æÖ§2 ¢ÒÀ¢&Væv–æW2#¢°¢&æöFR#¢%ã#ã’ãÇÂãÓ#"ã"ã ¢ÒÀ¢&÷F–öæÄFWVæFVæ6–W2#¢°¢$&öÆÆF÷vâö&–æF–ærÖæG&ö–BÖ&ÓcB#¢#ããR"À¢$&öÆÆF÷vâö&–æF–ærÖF'v–âÖ&ÓcB#¢#ããR"À¢$&öÆÆF÷vâö&–æF–ærÖF'v–â×ƒcB#¢#ããR"À¢$&öÆÆF÷vâö&–æF–ærÖg&VV'6B×ƒcB#¢#ããR"À¢$&öÆÆF÷vâö&–æF–ærÖÆ–çW‚Ö&ÒÖvçVV&–†b#¢#ããR"À¢$&öÆÆF÷vâö&–æF–ærÖÆ–çW‚Ö&ÓcBÖvçR#¢#ããR"À¢$&öÆÆF÷vâö&–æF–ærÖÆ–çW‚Ö&ÓcBÖ×W6Â#¢#ããR"À¢$&öÆÆF÷vâö&–æF–ærÖÆ–çW‚×3cBÖvçR#¢#ããR"À¢$&öÆÆF÷vâö&–æF–ærÖÆ–çW‚×33“‚ÖvçR#¢#ããR"À¢$&öÆÆF÷vâö&–æF–ærÖÆ–çW‚×ƒcBÖvçR#¢#ããR"À¢$&öÆÆF÷vâö&–æF–ærÖÆ–çW‚×ƒcBÖ×W6Â#¢#ããR"À¢$&öÆÆF÷vâö&–æF–ærÖ÷Væ†&Ööç’Ö&ÓcB#¢#ããR"À¢$&öÆÆF÷vâö&–æF–ær×v6Ó3"×v6’#¢#ããR"À¢$&öÆÆF÷vâö&–æF–ær×v–ã3"Ö&ÓcBÖ×7f2#¢#ããR"À¢$&öÆÆF÷vâö&–æF–ær×v–ã3"×ƒcBÖ×7f2#¢#ããR ¢Ð¢ÒÀ¢&æöFUöÖöGVÆW2÷66†VGVÆW"#¢°¢'fW'6–öâ#¢#ã#rã"À¢'&W6öÇfVB#¢&‡GG3¢ò÷&Vv—7G'’æçÖ§2æ÷&r÷66†VGVÆW"òÒ÷66†VGVÆW"Óã#rãçFw¢"À¢&–çFVw&—G’#¢'6†S"ÖTçbµw%f$·Sc7f%”¥B÷‡F”cW7”T…”×Fc”–u’öä¶s5w¤TWg’÷†Ótö5¦2÷dÇ‚ö”ó”ftöÖU4GcWF’õÓÒ"À¢&Æ–6Vç6R#¢$Ô•B ¢ÒÀ¢&æöFUöÖöGVÆW2÷6÷W&6RÖÖÖ§2#¢°¢'fW'6–öâ#¢#ã"ã"À¢'&W6öÇfVB#¢&‡GG3¢ò÷&Vv—7G'’æçÖ§2æ÷&r÷6÷W&6RÖÖÖ§2òÒ÷6÷W&6RÖÖÖ§2Óã"ãçFw¢"À¢&–çFVw&—G’#¢'6†S"ÕU…tÔ¶„Ä÷ud¶#s#„•WE‡†e•R·W6G–'EW$²ó‡TtS„5×g&„÷wg¤D'v£…4ÃtÕ3wd—4•4$s…e‚´”E‡eÓÒ"À¢&Æ–6Vç6R#¢$%4BÓ2Ô6ÆW6R"À¢&Væv–æW2#¢°¢&æöFR#¢#ãÓãã ¢Ð¢ÒÀ¢&æöFUöÖöGVÆW2÷76R×6W&FVB×Fö¶Vç2#¢°¢'fW'6–öâ#¢#"ãã""À¢'&W6öÇfVB#¢&‡GG3¢ò÷&Vv—7G'’æçÖ§2æ÷&r÷76R×6W&FVB×Fö¶Vç2òÒ÷76R×6W&FVB×Fö¶Vç2Ó"ãã"çFw¢"À¢&–çFVw&—G’#¢'6†S"ÕTvÄw$s‡•„u…&¥s3&dv&scd¤Äôv$ö'Wfô§böÕ&võtEftƒtEgG¥w•U4ä„$u6³†ƒsSU”F&&4W“54ƒ%ÓÒ"À¢&Æ–6Vç6R#¢$Ô•B"À¢&gVæF–ær#¢°¢'G—R#¢&v—F‡V""À¢'W&Â#¢&‡GG3¢òöv—F‡V"æ6öÒ÷7öç6÷'2÷vöö÷&Ò ¢Ð¢ÒÀ¢&æöFUöÖöGVÆW2÷7G&–æv–g’ÖVçF—F–W2#¢°¢'fW'6–öâ#¢#BããB"À¢'&W6öÇfVB#¢&‡GG3¢ò÷&Vv—7G'’æçÖ§2æ÷&r÷7G&–æv–g’ÖVçF—F–W2òÒ÷7G&–æv–g’ÖVçF—F–W2ÓBããBçFw¢"À¢&–çFVw&—G’#¢'6†S"Ô—vd'FFÄòµ4¥Vó”g%çÅd×s•”TÃ$Ä•e’µ'c'6¤4w†DÄå&vTw5t¦†d—FV'T¦‡4u4Æ¦&$å5¶–VsÓÒ"À¢&Æ–6Vç6R#¢$Ô•B"À¢&FWVæFVæ6–W2#¢°¢&6†&7FW"ÖVçF—F–W2Ö‡FÖÃB#¢%ã"ãã"À¢&6†&7FW"ÖVçF—F–W2ÖÆVv7’#¢%ã2ãã ¢ÒÀ¢&gVæF–ær#¢°¢'G—R#¢&v—F‡V""À¢'W&Â#¢&‡GG3¢òöv—F‡V"æ6öÒ÷7öç6÷'2÷vöö÷&Ò ¢Ð¢ÒÀ¢&æöFUöÖöGVÆW2÷7G–ÆR×FòÖ§2#¢°¢'fW'6–öâ#¢#ãã#"À¢'&W6öÇfVB#¢&‡GG3¢ò÷&Vv—7G'’æçÖ§2æ÷&r÷7G–ÆR×FòÖ§2òÒ÷7G–ÆR×FòÖ§2Óãã#çFw¢"À¢&–çFVw&—G’#¢'6†S"Õ&¥WG„§'%T¤Å†$Æ·SeRöö4wG§–¦$¤Õ–Ä4ä³ts4æƒc“å4ƒ‡v÷tƒ—SfäÖ¥”$ö²¶“t¤óå'÷“„—5ÓÒ"À¢&Æ–6Vç6R#¢$Ô•B"À¢&FWVæFVæ6–W2#¢°¢'7G–ÆR×FòÖö&¦V7B#¢#ããB ¢Ð¢ÒÀ¢&æöFUöÖöGVÆW2÷7G–ÆR×FòÖö&¦V7B#¢°¢'fW'6–öâ#¢#ããB"À¢'&W6öÇfVB#¢&‡GG3¢ò÷&Vv—7G'’æçÖ§2æ÷&r÷7G–ÆR×FòÖö&¦V7BòÒ÷7G–ÆR×FòÖö&¦V7BÓããBçFw¢"À¢&–çFVw&—G’#¢'6†S"ÔÄ”ãw%TÄ“¤'65u–77wG–FW&Æ$f¶¥·Cs–ç§G“‡F4”6UföÔUfÄÇ¤ƒUeD6×7cd×D¶‡3w—vÆ7´Öv‡sÓÒ"À¢&Æ–6Vç6R#¢$Ô•B"À¢&FWVæFVæ6–W2#¢°¢&–æÆ–æR×7G–ÆR×'6W"#¢#ã"ãr ¢Ð¢ÒÀ¢&æöFUöÖöGVÆW2÷F–ç–vÆö&'’#¢°¢'fW'6–öâ#¢#ã"ãr"À¢'&W6öÇfVB#¢&‡GG3¢ò÷&Vv—7G'’æçÖ§2æ÷&r÷F–ç–vÆö&'’òÒ÷F–ç–vÆö&'’Óã"ãrçFw¢"À¢&–çFVw&—G’#¢'6†S"×u…"öE—7¶ÖewVE¦¦”´¤÷t4äfæDCDÖç%rö5–¥dwGDV´&efv4Äd†ôç&Æ£CvÖ¤õf–3——”çScVÇ6tcDå•F&sÓÒ"À¢&Æ–6Vç6R#¢$Ô•B"À¢&FWVæFVæ6–W2#¢°¢&fF—"#¢%ãbãRã"À¢'–6öÖF6‚#¢%ãBããB ¢ÒÀ¢&Væv–æW2#¢°¢&æöFR#¢#ãÓ"ãã ¢ÒÀ¢&gVæF–ær#¢°¢'W&Â#¢&‡GG3¢òöv—F‡V"æ6öÒ÷7öç6÷'2õ7WW&6‡WTFWb ¢Ð¢ÒÀ¢&æöFUöÖöGVÆW2÷G&–ÒÖÆ–æW2#¢°¢'fW'6–öâ#¢#2ãã"À¢'&W6öÇfVB#¢&‡GG3¢ò÷&Vv—7G'’æçÖ§2æ÷&r÷G&–ÒÖÆ–æW2òÒ÷G&–ÒÖÆ–æW2Ó2ããçFw¢"À¢&–çFVw&—G’#¢'6†S"Öµ&£„"µ”…¤63–µ–Evd¤#"öõVÃ—$“—&÷u•”'G#GV“FÕ§”$§ed&BóeS%–ÆôFg&„%E4Ö…Gt$‡ESÖc5&sÓÒ"À¢&Æ–6Vç6R#¢$Ô•B"À¢&gVæF–ær#¢°¢'G—R#¢&v—F‡V""À¢'W&Â#¢&‡GG3¢òöv—F‡V"æ6öÒ÷7öç6÷'2÷vöö÷&Ò ¢Ð¢ÒÀ¢&æöFUöÖöGVÆW2÷G&÷Vv‚#¢°¢'fW'6–öâ#¢#"ã"ã"À¢'&W6öÇfVB#¢&‡GG3¢ò÷&Vv—7G'’æçÖ§2æ÷&r÷G&÷Vv‚òÒ÷G&÷Vv‚Ó"ã"ãçFw¢"À¢&–çFVw&—G’#¢'6†S"×FÔ×³&¥¦•W•g—g$$³v¶æW$ævÖwf5bô´Åg—VÖõ42µEãctw$Õ&6”åG£’¶³7¥s„Ã‡Cc¥tówfµ¦F¥FsÓÒ"À¢&Æ–6Vç6R#¢$Ô•B"À¢&gVæF–ær#¢°¢'G—R#¢&v—F‡V""À¢'W&Â#¢&‡GG3¢òöv—F‡V"æ6öÒ÷7öç6÷'2÷vöö÷&Ò ¢Ð¢ÒÀ¢&æöFUöÖöGVÆW2÷G6Æ–"#¢°¢'fW'6–öâ#¢#"ã‚ã"À¢'&W6öÇfVB#¢&‡GG3¢ò÷&Vv—7G'’æçÖ§2æ÷&r÷G6Æ–"òÒ÷G6Æ–"Ó"ã‚ãçFw¢"À¢&–çFVw&—G’#¢'6†S"Öô¤gS“D…"´µfGU5UÃwvç×æfÔÇ4ôöäƒf#dTƒt4Vô³öÕU…Sf37t´Ecƒ4Ö´÷T…$‡E5„´µS“””&¥2ó'sÓÒ"À¢&Æ–6Vç6R#¢#%4B"À¢&÷F–öæÂ#¢G'VP¢ÒÀ¢&æöFUöÖöGVÆW2÷Væ–f–VB#¢°¢'fW'6–öâ#¢#ããR"À¢'&W6öÇfVB#¢&‡GG3¢ò÷&Vv—7G'’æçÖ§2æ÷&r÷Væ–f–VBòÒ÷Væ–f–VBÓããRçFw¢"À¢&–çFVw&—G’#¢'6†S"×„·dv…ws6³ƒE¦ƒ†$“5¦T¦§ç–D²´tTgF¥6e§b÷$¶UFµF¤ô¦†ófÔgƒ%4Ó“f”–5¦ö·†”÷ss„v¥E6s‚´´„ÓÒ"À¢&Æ–6Vç6R#¢$Ô•B"À¢&FWVæFVæ6–W2#¢°¢$G—W2÷Væ—7B#¢%ã2ãã"À¢&&–Â#¢%ã"ãã"À¢&FWfÆ÷#¢%ããã"À¢&W‡FVæB#¢%ã2ãã"À¢&—2×Æ–âÖö&¢#¢%ãBãã"À¢'G&÷Vv‚#¢%ã"ãã"À¢'ff–ÆR#¢%ãbãã ¢ÒÀ¢&gVæF–ær#¢°¢'G—R#¢&÷Væ6öÆÆV7F—fR"À¢'W&Â#¢&‡GG3¢òö÷Væ6öÆÆV7F—fRæ6öÒ÷Væ–f–VB ¢Ð¢ÒÀ¢&æöFUöÖöGVÆW2÷Væ—7B×WF–ÂÖ—2#¢°¢'fW'6–öâ#¢#bãã"À¢'&W6öÇfVB#¢&‡GG3¢ò÷&Vv—7G'’æçÖ§2æ÷&r÷Væ—7B×WF–ÂÖ—2òÒ÷Væ—7B×WF–ÂÖ—2ÓbããçFw¢"À¢&–çFVw&—G’#¢'6†S"ÔÇ6””Æ'D$UF´G£„“—EW•%UwV¦Bö7TVU3†õ%7•sTSU„vÕG¦Çu“÷$ç§¦´v÷t“”G"ô“„…fsF…GFç‡“†sÓÒ"À¢&Æ–6Vç6R#¢$Ô•B"À¢&FWVæFVæ6–W2#¢°¢$G—W2÷Væ—7B#¢%ã2ãã ¢ÒÀ¢&gVæF–ær#¢°¢'G—R#¢&÷Væ6öÆÆV7F—fR"À¢'W&Â#¢&‡GG3¢òö÷Væ6öÆÆV7F—fRæ6öÒ÷Væ–f–VB ¢Ð¢ÒÀ¢&æöFUöÖöGVÆW2÷Væ—7B×WF–Â×÷6—F–öâ#¢°¢'fW'6–öâ#¢#Rãã"À¢'&W6öÇfVB#¢&‡GG3¢ò÷&Vv—7G'’æçÖ§2æ÷&r÷Væ—7B×WF–Â×÷6—F–öâòÒ÷Væ—7B×WF–Â×÷6—F–öâÓRããçFw¢"À¢&–çFVw&—G’#¢'6†S"ÖgV743t†¥‡f´#U#6µD4óvµV¥&G%3$§C4Òôe†Ô„Ô$öÓ„¥“$'4„„g7“#tSVöÅ‡'ç¥‡4¢¶¤å”Ewdô¥¥ÓÒ"À¢&Æ–6Vç6R#¢$Ô•B"À¢&FWVæFVæ6–W2#¢°¢$G—W2÷Væ—7B#¢%ã2ãã ¢ÒÀ¢&gVæF–ær#¢°¢'G—R#¢&÷Væ6öÆÆV7F—fR"À¢'W&Â#¢&‡GG3¢òö÷Væ6öÆÆV7F—fRæ6öÒ÷Væ–f–VB ¢Ð¢ÒÀ¢&æöFUöÖöGVÆW2÷Væ—7B×WF–Â×7G&–æv–g’×÷6—F–öâ#¢°¢'fW'6–öâ#¢#Bãã"À¢'&W6öÇfVB#¢&‡GG3¢ò÷&Vv—7G'’æçÖ§2æ÷&r÷Væ—7B×WF–Â×7G&–æv–g’×÷6—F–öâòÒ÷Væ—7B×WF–Â×7G&–æv–g’×÷6—F–öâÓBããçFw¢"À¢&–çFVw&—G’#¢'6†S"Ó5cdô´4Fµ3"·‡sU%„§—w'WW'$3D¥¥6Óvç#tÔ÷Cö¤§g—–òµW…¦c†£„d4cf¶×¤5¤¶4tâ÷—S&vÓ%†uÓÒ"À¢&Æ–6Vç6R#¢$Ô•B"À¢&FWVæFVæ6–W2#¢°¢$G—W2÷Væ—7B#¢%ã2ãã ¢ÒÀ¢&gVæF–ær#¢°¢'G—R#¢&÷Væ6öÆÆV7F—fR"À¢'W&Â#¢&‡GG3¢òö÷Væ6öÆÆV7F—fRæ6öÒ÷Væ–f–VB ¢Ð¢ÒÀ¢&æöFUöÖöGVÆW2÷Væ—7B×WF–Â×f—6—B#¢°¢'fW'6–öâ#¢#Rãã"À¢'&W6öÇfVB#¢&‡GG3¢ò÷&Vv—7G'’æçÖ§2æ÷&r÷Væ—7B×WF–Â×f—6—BòÒ÷Væ—7B×WF–Â×f—6—BÓRããçFw¢"À¢&–çFVw&—G’#¢'6†S"ÖÒ·d–G–T4÷G"õU7S$W§…‚öö†u3„¶&åFtfæ“FE6e47G£…WG•“Tv¥''S…D·U–ãtg–£5¶ä¥74t´÷¦sÓÒ"À¢&Æ–6Vç6R#¢$Ô•B"À¢&FWVæFVæ6–W2#¢°¢$G—W2÷Væ—7B#¢%ã2ãã"À¢'Væ—7B×WF–ÂÖ—2#¢%ãbãã"À¢'Væ—7B×WF–Â×f—6—B×&VçG2#¢%ãbãã ¢ÒÀ¢&gVæF–ær#¢°¢'G—R#¢&÷Væ6öÆÆV7F—fR"À¢'W&Â#¢&‡GG3¢òö÷Væ6öÆÆV7F—fRæ6öÒ÷Væ–f–VB ¢Ð¢ÒÀ¢&æöFUöÖöGVÆW2÷Væ—7B×WF–Â×f—6—B×&VçG2#¢°¢'fW'6–öâ#¢#bãã""À¢'&W6öÇfVB#¢&‡GG3¢ò÷&Vv—7G'’æçÖ§2æ÷&r÷Væ—7B×WF–Â×f—6—B×&VçG2òÒ÷Væ—7B×WF–Â×f—6—B×&VçG2Óbãã"çFw¢"À¢&–çFVw&—G’#¢'6†S"Övöƒ3D''7Vµ63‡w&§uv„Ã†”§†t†ÓF´g„vÅ³„e•42öÓf5G3E•–VÓucccD„…gfvõÆ³ƒ“76G7#$•ÓÒ"À¢&Æ–6Vç6R#¢$Ô•B"À¢&FWVæFVæ6–W2#¢°¢$G—W2÷Væ—7B#¢%ã2ãã"À¢'Væ—7B×WF–ÂÖ—2#¢%ãbãã ¢ÒÀ¢&gVæF–ær#¢°¢'G—R#¢&÷Væ6öÆÆV7F—fR"À¢'W&Â#¢&‡GG3¢òö÷Væ6öÆÆV7F—fRæ6öÒ÷Væ–f–VB ¢Ð¢ÒÀ¢&æöFUöÖöGVÆW2÷ff–ÆR#¢°¢'fW'6–öâ#¢#bãã2"À¢'&W6öÇfVB#¢&‡GG3¢ò÷&Vv—7G'’æçÖ§2æ÷&r÷ff–ÆRòÒ÷ff–ÆRÓbãã2çFw¢"À¢&–çFVw&—G’#¢'6†S"Ô·¤–$‚ó—E†C'S3¦b·6Ô×td76æóGt…fDæ×¤g”ÂµBôÃ5Tw³d¤¶egôdõ¤W¥4„Dƒ³C#dåT•…§C#&÷c5ÓÒ"À¢&Æ–6Vç6R#¢$Ô•B"À¢&FWVæFVæ6–W2#¢°¢$G—W2÷Væ—7B#¢%ã2ãã"À¢'ff–ÆRÖÖW76vR#¢%ãBãã ¢ÒÀ¢&gVæF–ær#¢°¢'G—R#¢&÷Væ6öÆÆV7F—fR"À¢'W&Â#¢&‡GG3¢òö÷Væ6öÆÆV7F—fRæ6öÒ÷Væ–f–VB ¢Ð¢ÒÀ¢&æöFUöÖöGVÆW2÷ff–ÆRÖÖW76vR#¢°¢'fW'6–öâ#¢#Bãã2"À¢'&W6öÇfVB#¢&‡GG3¢ò÷&Vv—7G'’æçÖ§2æ÷&r÷ff–ÆRÖÖW76vRòÒ÷ff–ÆRÖÖW76vRÓBãã2çFw¢"À¢&–çFVw&—G’#¢'6†S"ÕD‡§4vCV†%§3D5#¥ƒ$364öÇBô•t§'V³ƒ“4FdÅ'#SvÆ6äöTÖtsD³§%'FFÔ”¥¤·Fƒ$S6ÔÓ7S2ô¥t·sÓÒ"À¢&Æ–6Vç6R#¢$Ô•B"À¢&FWVæFVæ6–W2#¢°¢$G—W2÷Væ—7B#¢%ã2ãã"À¢'Væ—7B×WF–Â×7G&–æv–g’×÷6—F–öâ#¢%ãBãã ¢ÒÀ¢&gVæF–ær#¢°¢'G—R#¢&÷Væ6öÆÆV7F—fR"À¢'W&Â#¢&‡GG3¢òö÷Væ6öÆÆV7F—fRæ6öÒ÷Væ–f–VB ¢Ð¢ÒÀ¢&æöFUöÖöGVÆW2÷f—FR#¢°¢'fW'6–öâ#¢#‚ããR"À¢'&W6öÇfVB#¢&‡GG3¢ò÷&Vv—7G'’æçÖ§2æ÷&r÷f—FRòÒ÷f—FRÓ‚ããRçFw¢"À¢&–çFVw&—G’#¢'6†S"ÓuTÄÇw46E—‚öå'—'”Wwg#UDd‡$Õe§”'B·&rôô…Cw&v¢÷¢´GEDG”´fTÄDF·V$EdD´C†¤÷6æF×“vÓSU†6eW7sÓÒ"À¢&Æ–6Vç6R#¢$Ô•B"À¢&FWVæFVæ6–W2#¢°¢&Æ–v‡Fæ–æv772#¢%ãã3"ã"À¢'–6öÖF6‚#¢%ãBããR"À¢'÷7F772#¢%ã‚ãRãr"À¢'&öÆÆF÷vâ#¢'ãããR"À¢'F–ç–vÆö&'’#¢%ãã"ãr ¢ÒÀ¢&&–â#¢°¢'f—FR#¢&&–â÷f—FRæ§2 ¢ÒÀ¢&Væv–æW2#¢°¢&æöFR#¢%ã#ã’ãÇÂãÓ#"ã"ã ¢ÒÀ¢&gVæF–ær#¢°¢'W&Â#¢&‡GG3¢òöv—F‡V"æ6öÒ÷f—FV§2÷f—FS÷7öç6÷#Ó ¢ÒÀ¢&÷F–öæÄFWVæFVæ6–W2#¢°¢&g6WfVçG2#¢'ã"ã2ã2 ¢ÒÀ¢'VW$FWVæFVæ6–W2#¢°¢$G—W2öæöFR#¢%ã#ã’ãÇÂãÓ#"ã"ã"À¢$f—FV§2öFWgFööÇ2#¢%ãã2ã"À¢&W6'V–ÆB#¢%ãã#rãÇÂãã#‚ã"À¢&¦—F’#¢#ãÓã#ã"À¢&ÆW72#¢%ãBãã"À¢'672#¢%ããsã"À¢'672ÖVÖ&VFFVB#¢%ããsã"À¢'7G–ÇW2#¢#ãÓãSBã‚"À¢'7Vv'72#¢%ãRãã"À¢'FW'6W"#¢%ãRãbã"À¢'G7‚#¢%ãBã‚ã"À¢'–ÖÂ#¢%ã"ãBã" ¢ÒÀ¢'VW$FWVæFVæ6–W4ÖWF#¢°¢$G—W2öæöFR#¢°¢&÷F–öæÂ#¢G'VP¢ÒÀ¢$f—FV§2öFWgFööÇ2#¢°¢&÷F–öæÂ#¢G'VP¢ÒÀ¢&W6'V–ÆB#¢°¢&÷F–öæÂ#¢G'VP¢ÒÀ¢&¦—F’#¢°¢&÷F–öæÂ#¢G'VP¢ÒÀ¢&ÆW72#¢°¢&÷F–öæÂ#¢G'VP¢ÒÀ¢'672#¢°¢&÷F–öæÂ#¢G'VP¢ÒÀ¢'672ÖVÖ&VFFVB#¢°¢&÷F–öæÂ#¢G'VP¢ÒÀ¢'7G–ÇW2#¢°¢&÷F–öæÂ#¢G'VP¢ÒÀ¢'7Vv'72#¢°¢&÷F–öæÂ#¢G'VP¢ÒÀ¢'FW'6W"#¢°¢&÷F–öæÂ#¢G'VP¢ÒÀ¢'G7‚#¢°¢&÷F–öæÂ#¢G'VP¢ÒÀ¢'–ÖÂ#¢°¢&÷F–öæÂ#¢G'VP¢Ð¢Ð¢ÒÀ¢&æöFUöÖöGVÆW2÷§v—F6‚#¢°¢'fW'6–öâ#¢#"ããB"À¢'&W6öÇfVB#¢&‡GG3¢ò÷&Vv—7G'’æçÖ§2æ÷&r÷§v—F6‚òÒ÷§v—F6‚Ó"ããBçFw¢"À¢&–çFVw&—G’#¢'6†S"Ö%„SF5"öµe¦„µ¥‚õ&¥VfÄ†µf…UfÃƒVæõS7cf#†eV3ƒD·¤'†¥£FÄã„ÇvCeu£6FÃ“‡“FósudfÖõ´ÓÒ"À¢&Æ–6Vç6R#¢$Ô•B"À¢&gVæF–ær#¢°¢'G—R#¢&v—F‡V""À¢'W&Â#¢&‡GG3¢òöv—F‡V"æ6öÒ÷7öç6÷'2÷vöö÷&Ò ¢Ð¢Ð¢Ð§Ð